
Microsoft Visual Studio Solution File, Format Version 12.00
# Visual Studio Version 16
VisualStudioVersion = 16.0.31424.327
MinimumVisualStudioVersion = 10.0.40219.1
Project("{9A19103F-16F7-4668-BE54-9A1E7A4F7556}") = "GrpcServer", "..\GrpcServer\GrpcServer.csproj", "{8A62E72B-D7CD-401B-92F5-0EEE3133FCF0}"
EndProject
Project("{9A19103F-16F7-4668-BE54-9A1E7A4F7556}") = "GrpcClient", "..\GrpcClient\GrpcClient.csproj", "{CC55BC95-BA5C-4BAE-93CF-025EBA94E05A}"
EndProject
Project("{FAE04EC0-301F-11D3-BF4B-00C04F79EFBC}") = "TestProject1", "TestProject1\TestProject1.csproj", "{5E37B750-513E-4D44-860B-A6A8707BBBD8}"
EndProject
Project("{9A19103F-16F7-4668-BE54-9A1E7A4F7556}") = "WpfClient", "WpfClient\WpfClient.csproj", "{B3B74BB7-F145-4067-BB12-7A48F32DD18B}"
EndProject
Project("{FAE04EC0-301F-11D3-BF4B-00C04F79EFBC}") = "ClassLibrary", "ClassLibrary\ClassLibrary.csproj", "{6C1CFCE4-5DE4-441C-89DE-FA0C09E84EF2}"
EndProject
Global
	GlobalSection(SolutionConfigurationPlatforms) = preSolution
		Debug|Any CPU = Debug|Any CPU
		Release|Any CPU = Release|Any CPU
	EndGlobalSection
	GlobalSection(ProjectConfigurationPlatforms) = postSolution
		{8A62E72B-D7CD-401B-92F5-0EEE3133FCF0}.Debug|Any CPU.ActiveCfg = Debug|Any CPU
		{8A62E72B-D7CD-401B-92F5-0EEE3133FCF0}.Debug|Any CPU.Build.0 = Debug|Any CPU
		{8A62E72B-D7CD-401B-92F5-0EEE3133FCF0}.Release|Any CPU.ActiveCfg = Release|Any CPU
		{8A62E72B-D7CD-401B-92F5-0EEE3133FCF0}.Release|Any CPU.Build.0 = Release|Any CPU
		{CC55BC95-BA5C-4BAE-93CF-025EBA94E05A}.Debug|Any CPU.ActiveCfg = Debug|Any CPU
		{CC55BC95-BA5C-4BAE-93CF-025EBA94E05A}.Debug|Any CPU.Build.0 = Debug|Any CPU
		{CC55BC95-BA5C-4BAE-93CF-025EBA94E05A}.Release|Any CPU.ActiveCfg = Release|Any CPU
		{CC55BC95-BA5C-4BAE-93CF-025EBA94E05A}.Release|Any CPU.Build.0 = Release|Any CPU
		{5E37B750-513E-4D44-860B-A6A8707BBBD8}.Debug|Any CPU.ActiveCfg = Debug|Any CPU
		{5E37B750-513E-4D44-860B-A6A8707BBBD8}.Debug|Any CPU.Build.0 = Debug|Any CPU
		{5E37B750-513E-4D44-860B-A6A8707BBBD8}.Release|Any CPU.ActiveCfg = Release|Any CPU
		{5E37B750-513E-4D44-860B-A6A8707BBBD8}.Release|Any CPU.Build.0 = Release|Any CPU
		{B3B74BB7-F145-4067-BB12-7A48F32DD18B}.Debug|Any CPU.ActiveCfg = Debug|Any CPU
		{B3B74BB7-F145-4067-BB12-7A48F32DD18B}.Debug|Any CPU.Build.0 = Debug|Any CPU
		{B3B74BB7-F145-4067-BB12-7A48F32DD18B}.Release|Any CPU.ActiveCfg = Release|Any CPU
		{B3B74BB7-F145-4067-BB12-7A48F32DD18B}.Release|Any CPU.Build.0 = Release|Any CPU
		{6C1CFCE4-5DE4-441C-89DE-FA0C09E84EF2}.Debug|Any CPU.ActiveCfg = Debug|Any CPU
		{6C1CFCE4-5DE4-441C-89DE-FA0C09E84EF2}.Debug|Any CPU.Build.0 = Debug|Any CPU
		{6C1CFCE4-5DE4-441C-89DE-FA0C09E84EF2}.Release|Any CPU.ActiveCfg = Release|Any CPU
		{6C1CFCE4-5DE4-441C-89DE-FA0C09E84EF2}.Release|Any CPU.Build.0 = Release|Any CPU
	EndGlobalSection
	GlobalSection(SolutionProperties) = preSolution
		HideSolutionNode = FALSE
	EndGlobalSection
	GlobalSection(ExtensibilityGlobals) = postSolution
		SolutionGuid = {1B4E5F98-1E62-4975-8DC3-FB494F36AA82}
	EndGlobalSection
EndGlobal
